
Microsoft Visual Studio Solution File, Format Version 12.00
#
Project("{FAE04EC0-301F-11D3-BF4B-00C04F79EFBC}") = "Tests", "Tests\Tests.csproj", "{5656EC15-C6DF-4169-904F-56CB96208E6D}"
EndProject
Project("{FAE04EC0-301F-11D3-BF4B-00C04F79EFBC}") = "api", "api\api.csproj", "{F0BB04A4-5E93-410C-8F3E-89D5ED7053B6}"
EndProject
Project("{FAE04EC0-301F-11D3-BF4B-00C04F79EFBC}") = "service", "service\service.csproj", "{02BDC2F1-C4EA-4596-A829-843FF36861F3}"
EndProject
Project("{FAE04EC0-301F-11D3-BF4B-00C04F79EFBC}") = "infrastructure", "infrastructure\infrastructure.csproj", "{F5831843-68D6-4F17-A296-AE82DE137322}"
EndProject
Global
	GlobalSection(SolutionConfigurationPlatforms) = preSolution
		Debug|Any CPU = Debug|Any CPU
		Release|Any CPU = Release|Any CPU
	EndGlobalSection
	GlobalSection(ProjectConfigurationPlatforms) = postSolution
		{5656EC15-C6DF-4169-904F-56CB96208E6D}.Debug|Any CPU.ActiveCfg = Debug|Any CPU
		{5656EC15-C6DF-4169-904F-56CB96208E6D}.Debug|Any CPU.Build.0 = Debug|Any CPU
		{5656EC15-C6DF-4169-904F-56CB96208E6D}.Release|Any CPU.ActiveCfg = Release|Any CPU
		{5656EC15-C6DF-4169-904F-56CB96208E6D}.Release|Any CPU.Build.0 = Release|Any CPU
		{F0BB04A4-5E93-410C-8F3E-89D5ED7053B6}.Debug|Any CPU.ActiveCfg = Debug|Any CPU
		{F0BB04A4-5E93-410C-8F3E-89D5ED7053B6}.Debug|Any CPU.Build.0 = Debug|Any CPU
		{F0BB04A4-5E93-410C-8F3E-89D5ED7053B6}.Release|Any CPU.ActiveCfg = Release|Any CPU
		{F0BB04A4-5E93-410C-8F3E-89D5ED7053B6}.Release|Any CPU.Build.0 = Release|Any CPU
		{02BDC2F1-C4EA-4596-A829-843FF36861F3}.Debug|Any CPU.ActiveCfg = Debug|Any CPU
		{02BDC2F1-C4EA-4596-A829-843FF36861F3}.Debug|Any CPU.Build.0 = Debug|Any CPU
		{02BDC2F1-C4EA-4596-A829-843FF36861F3}.Release|Any CPU.ActiveCfg = Release|Any CPU
		{02BDC2F1-C4EA-4596-A829-843FF36861F3}.Release|Any CPU.Build.0 = Release|Any CPU
		{F5831843-68D6-4F17-A296-AE82DE137322}.Debug|Any CPU.ActiveCfg = Debug|Any CPU
		{F5831843-68D6-4F17-A296-AE82DE137322}.Debug|Any CPU.Build.0 = Debug|Any CPU
		{F5831843-68D6-4F17-A296-AE82DE137322}.Release|Any CPU.ActiveCfg = Release|Any CPU
		{F5831843-68D6-4F17-A296-AE82DE137322}.Release|Any CPU.Build.0 = Release|Any CPU
	EndGlobalSection
EndGlobal
